
Microsoft Visual Studio Solution File, Format Version 12.00
# Visual Studio Version 17
VisualStudioVersion = 17.10.35027.167
MinimumVisualStudioVersion = 10.0.40219.1
Project("{9A19103F-16F7-4668-BE54-9A1E7A4F7556}") = "PhotoGeoExplorer", "PhotoGeoExplorer\\PhotoGeoExplorer.csproj", "{8D8AAD66-BC5B-4540-9F91-0EC2F92579C0}"
EndProject
Project("{FAE04EC0-301F-11D3-BF4B-00C04F79EFBC}") = "PhotoGeoExplorer.Tests", "PhotoGeoExplorer.Tests\PhotoGeoExplorer.Tests.csproj", "{EF018107-690B-4961-B168-647665ECD1CE}"
EndProject
Project("{FAE04EC0-301F-11D3-BF4B-00C04F79EFBC}") = "PhotoGeoExplorer.Core", "PhotoGeoExplorer.Core\PhotoGeoExplorer.Core.csproj", "{3FC22552-F9EC-4C77-9669-4EC5DDE47D73}"
EndProject
Project("{FAE04EC0-301F-11D3-BF4B-00C04F79EFBC}") = "PhotoGeoExplorer.E2E", "PhotoGeoExplorer.E2E\PhotoGeoExplorer.E2E.csproj", "{F31F0856-04B8-455D-A126-2B060485A6D7}"
EndProject
Global
	GlobalSection(SolutionConfigurationPlatforms) = preSolution
		Debug|x64 = Debug|x64
		Debug|ARM64 = Debug|ARM64
		Debug|Any CPU = Debug|Any CPU
		Debug|x86 = Debug|x86
		Release|x64 = Release|x64
		Release|ARM64 = Release|ARM64
		Release|Any CPU = Release|Any CPU
		Release|x86 = Release|x86
	EndGlobalSection
	GlobalSection(ProjectConfigurationPlatforms) = postSolution
		{8D8AAD66-BC5B-4540-9F91-0EC2F92579C0}.Debug|x64.ActiveCfg = Debug|x64
		{8D8AAD66-BC5B-4540-9F91-0EC2F92579C0}.Debug|x64.Build.0 = Debug|x64
		{8D8AAD66-BC5B-4540-9F91-0EC2F92579C0}.Debug|ARM64.ActiveCfg = Debug|ARM64
		{8D8AAD66-BC5B-4540-9F91-0EC2F92579C0}.Debug|ARM64.Build.0 = Debug|ARM64
		{8D8AAD66-BC5B-4540-9F91-0EC2F92579C0}.Debug|Any CPU.ActiveCfg = Debug|Any CPU
		{8D8AAD66-BC5B-4540-9F91-0EC2F92579C0}.Debug|Any CPU.Build.0 = Debug|Any CPU
		{8D8AAD66-BC5B-4540-9F91-0EC2F92579C0}.Debug|x86.ActiveCfg = Debug|Any CPU
		{8D8AAD66-BC5B-4540-9F91-0EC2F92579C0}.Debug|x86.Build.0 = Debug|Any CPU
		{8D8AAD66-BC5B-4540-9F91-0EC2F92579C0}.Release|x64.ActiveCfg = Release|x64
		{8D8AAD66-BC5B-4540-9F91-0EC2F92579C0}.Release|x64.Build.0 = Release|x64
		{8D8AAD66-BC5B-4540-9F91-0EC2F92579C0}.Release|ARM64.ActiveCfg = Release|ARM64
		{8D8AAD66-BC5B-4540-9F91-0EC2F92579C0}.Release|ARM64.Build.0 = Release|ARM64
		{8D8AAD66-BC5B-4540-9F91-0EC2F92579C0}.Release|Any CPU.ActiveCfg = Release|Any CPU
		{8D8AAD66-BC5B-4540-9F91-0EC2F92579C0}.Release|Any CPU.Build.0 = Release|Any CPU
		{8D8AAD66-BC5B-4540-9F91-0EC2F92579C0}.Release|x86.ActiveCfg = Release|Any CPU
		{8D8AAD66-BC5B-4540-9F91-0EC2F92579C0}.Release|x86.Build.0 = Release|Any CPU
		{EF018107-690B-4961-B168-647665ECD1CE}.Debug|x64.ActiveCfg = Debug|Any CPU
		{EF018107-690B-4961-B168-647665ECD1CE}.Debug|x64.Build.0 = Debug|Any CPU
		{EF018107-690B-4961-B168-647665ECD1CE}.Debug|ARM64.ActiveCfg = Debug|Any CPU
		{EF018107-690B-4961-B168-647665ECD1CE}.Debug|ARM64.Build.0 = Debug|Any CPU
		{EF018107-690B-4961-B168-647665ECD1CE}.Debug|Any CPU.ActiveCfg = Debug|Any CPU
		{EF018107-690B-4961-B168-647665ECD1CE}.Debug|Any CPU.Build.0 = Debug|Any CPU
		{EF018107-690B-4961-B168-647665ECD1CE}.Debug|x86.ActiveCfg = Debug|Any CPU
		{EF018107-690B-4961-B168-647665ECD1CE}.Debug|x86.Build.0 = Debug|Any CPU
		{EF018107-690B-4961-B168-647665ECD1CE}.Release|x64.ActiveCfg = Release|Any CPU
		{EF018107-690B-4961-B168-647665ECD1CE}.Release|x64.Build.0 = Release|Any CPU
		{EF018107-690B-4961-B168-647665ECD1CE}.Release|ARM64.ActiveCfg = Release|Any CPU
		{EF018107-690B-4961-B168-647665ECD1CE}.Release|ARM64.Build.0 = Release|Any CPU
		{EF018107-690B-4961-B168-647665ECD1CE}.Release|Any CPU.ActiveCfg = Release|Any CPU
		{EF018107-690B-4961-B168-647665ECD1CE}.Release|Any CPU.Build.0 = Release|Any CPU
		{EF018107-690B-4961-B168-647665ECD1CE}.Release|x86.ActiveCfg = Release|Any CPU
		{EF018107-690B-4961-B168-647665ECD1CE}.Release|x86.Build.0 = Release|Any CPU
		{3FC22552-F9EC-4C77-9669-4EC5DDE47D73}.Debug|x64.ActiveCfg = Debug|Any CPU
		{3FC22552-F9EC-4C77-9669-4EC5DDE47D73}.Debug|x64.Build.0 = Debug|Any CPU
		{3FC22552-F9EC-4C77-9669-4EC5DDE47D73}.Debug|ARM64.ActiveCfg = Debug|Any CPU
		{3FC22552-F9EC-4C77-9669-4EC5DDE47D73}.Debug|ARM64.Build.0 = Debug|Any CPU
		{3FC22552-F9EC-4C77-9669-4EC5DDE47D73}.Debug|Any CPU.ActiveCfg = Debug|Any CPU
		{3FC22552-F9EC-4C77-9669-4EC5DDE47D73}.Debug|Any CPU.Build.0 = Debug|Any CPU
		{3FC22552-F9EC-4C77-9669-4EC5DDE47D73}.Debug|x86.ActiveCfg = Debug|Any CPU
		{3FC22552-F9EC-4C77-9669-4EC5DDE47D73}.Debug|x86.Build.0 = Debug|Any CPU
		{3FC22552-F9EC-4C77-9669-4EC5DDE47D73}.Release|x64.ActiveCfg = Release|Any CPU
		{3FC22552-F9EC-4C77-9669-4EC5DDE47D73}.Release|x64.Build.0 = Release|Any CPU
		{3FC22552-F9EC-4C77-9669-4EC5DDE47D73}.Release|ARM64.ActiveCfg = Release|Any CPU
		{3FC22552-F9EC-4C77-9669-4EC5DDE47D73}.Release|ARM64.Build.0 = Release|Any CPU
		{3FC22552-F9EC-4C77-9669-4EC5DDE47D73}.Release|Any CPU.ActiveCfg = Release|Any CPU
		{3FC22552-F9EC-4C77-9669-4EC5DDE47D73}.Release|Any CPU.Build.0 = Release|Any CPU
		{3FC22552-F9EC-4C77-9669-4EC5DDE47D73}.Release|x86.ActiveCfg = Release|Any CPU
		{3FC22552-F9EC-4C77-9669-4EC5DDE47D73}.Release|x86.Build.0 = Release|Any CPU
		{F31F0856-04B8-455D-A126-2B060485A6D7}.Debug|x64.ActiveCfg = Debug|Any CPU
		{F31F0856-04B8-455D-A126-2B060485A6D7}.Debug|x64.Build.0 = Debug|Any CPU
		{F31F0856-04B8-455D-A126-2B060485A6D7}.Debug|ARM64.ActiveCfg = Debug|Any CPU
		{F31F0856-04B8-455D-A126-2B060485A6D7}.Debug|ARM64.Build.0 = Debug|Any CPU
		{F31F0856-04B8-455D-A126-2B060485A6D7}.Debug|Any CPU.ActiveCfg = Debug|Any CPU
		{F31F0856-04B8-455D-A126-2B060485A6D7}.Debug|Any CPU.Build.0 = Debug|Any CPU
		{F31F0856-04B8-455D-A126-2B060485A6D7}.Debug|x86.ActiveCfg = Debug|Any CPU
		{F31F0856-04B8-455D-A126-2B060485A6D7}.Debug|x86.Build.0 = Debug|Any CPU
		{F31F0856-04B8-455D-A126-2B060485A6D7}.Release|x64.ActiveCfg = Release|Any CPU
		{F31F0856-04B8-455D-A126-2B060485A6D7}.Release|x64.Build.0 = Release|Any CPU
		{F31F0856-04B8-455D-A126-2B060485A6D7}.Release|ARM64.ActiveCfg = Release|Any CPU
		{F31F0856-04B8-455D-A126-2B060485A6D7}.Release|ARM64.Build.0 = Release|Any CPU
		{F31F0856-04B8-455D-A126-2B060485A6D7}.Release|Any CPU.ActiveCfg = Release|Any CPU
		{F31F0856-04B8-455D-A126-2B060485A6D7}.Release|Any CPU.Build.0 = Release|Any CPU
		{F31F0856-04B8-455D-A126-2B060485A6D7}.Release|x86.ActiveCfg = Release|Any CPU
		{F31F0856-04B8-455D-A126-2B060485A6D7}.Release|x86.Build.0 = Release|Any CPU
	EndGlobalSection
	GlobalSection(SolutionProperties) = preSolution
		HideSolutionNode = FALSE
	EndGlobalSection
EndGlobal
